{
  "nodes": {
    "nixpkgs": {
      "locked": {
        "lastModified": 1725753733,
        "narHash": "sha256-wTFx+WHgbBzzvCwUar3zvvDWHvpqTPfWP7SR2SaTgi0=",
        "owner": "NixOS",
        "repo": "nixpkgs",
        "rev": "8bcaf56aa3a58c76526947840bb97a67cadcf545",
        "type": "github"
      },
      "original": {
        "owner": "NixOS",
        "ref": "master",
        "repo": "nixpkgs",
        "type": "github"
      }
    },
    "root": {
      "inputs": {
        "nixpkgs": "nixpkgs"
      }
    }
  },
  "root": "root",
  "version": 7
}
